// !$*UTF8*$!
{
	archiveVersion = 1;
	classes = {
	};
	objectVersion = 50;
	objects = {

/* Begin PBXBuildFile section */
		1AAE3FB322AA5E7D00604354 /* ListContentsViewController.swift in Sources */ = {isa = PBXBuildFile; fileRef = 1AAE3FB222AA5E7D00604354 /* ListContentsViewController.swift */; };
		1AAE3FB722AABF6600604354 /* ListCell.swift in Sources */ = {isa = PBXBuildFile; fileRef = 1AAE3FB622AABF6600604354 /* ListCell.swift */; };
		1AAE3FB922AAC05500604354 /* ItemCell.swift in Sources */ = {isa = PBXBuildFile; fileRef = 1AAE3FB822AAC05500604354 /* ItemCell.swift */; };
		1AAE3FBB22AAD11900604354 /* MenuView.swift in Sources */ = {isa = PBXBuildFile; fileRef = 1AAE3FBA22AAD11900604354 /* MenuView.swift */; };
		1AFDF82222A91D610084EF70 /* AppDelegate.swift in Sources */ = {isa = PBXBuildFile; fileRef = 1AFDF82122A91D610084EF70 /* AppDelegate.swift */; };
		1AFDF82422A91D610084EF70 /* MyListsViewController.swift in Sources */ = {isa = PBXBuildFile; fileRef = 1AFDF82322A91D610084EF70 /* MyListsViewController.swift */; };
		1AFDF82722A91D610084EF70 /* Main.storyboard in Resources */ = {isa = PBXBuildFile; fileRef = 1AFDF82522A91D610084EF70 /* Main.storyboard */; };
		1AFDF82922A91D650084EF70 /* Assets.xcassets in Resources */ = {isa = PBXBuildFile; fileRef = 1AFDF82822A91D650084EF70 /* Assets.xcassets */; };
		1AFDF82C22A91D650084EF70 /* LaunchScreen.storyboard in Resources */ = {isa = PBXBuildFile; fileRef = 1AFDF82A22A91D650084EF70 /* LaunchScreen.storyboard */; };
/* End PBXBuildFile section */

/* Begin PBXFileReference section */
		1AAE3FB222AA5E7D00604354 /* ListContentsViewController.swift */ = {isa = PBXFileReference; lastKnownFileType = sourcecode.swift; path = ListContentsViewController.swift; sourceTree = "<group>"; };
		1AAE3FB622AABF6600604354 /* ListCell.swift */ = {isa = PBXFileReference; lastKnownFileType = sourcecode.swift; path = ListCell.swift; sourceTree = "<group>"; };
		1AAE3FB822AAC05500604354 /* ItemCell.swift */ = {isa = PBXFileReference; lastKnownFileType = sourcecode.swift; path = ItemCell.swift; sourceTree = "<group>"; };
		1AAE3FBA22AAD11900604354 /* MenuView.swift */ = {isa = PBXFileReference; lastKnownFileType = sourcecode.swift; path = MenuView.swift; sourceTree = "<group>"; };
		1AFDF81E22A91D610084EF70 /* Elite Shopping List.app */ = {isa = PBXFileReference; explicitFileType = wrapper.application; includeInIndex = 0; path = "Elite Shopping List.app"; sourceTree = BUILT_PRODUCTS_DIR; };
		1AFDF82122A91D610084EF70 /* AppDelegate.swift */ = {isa = PBXFileReference; lastKnownFileType = sourcecode.swift; path = AppDelegate.swift; sourceTree = "<group>"; };
		1AFDF82322A91D610084EF70 /* MyListsViewController.swift */ = {isa = PBXFileReference; lastKnownFileType = sourcecode.swift; path = MyListsViewController.swift; sourceTree = "<group>"; };
		1AFDF82622A91D610084EF70 /* Base */ = {isa = PBXFileReference; lastKnownFileType = file.storyboard; name = Base; path = Base.lproj/Main.storyboard; sourceTree = "<group>"; };
		1AFDF82822A91D650084EF70 /* Assets.xcassets */ = {isa = PBXFileReference; lastKnownFileType = folder.assetcatalog; path = Assets.xcassets; sourceTree = "<group>"; };
		1AFDF82B22A91D650084EF70 /* Base */ = {isa = PBXFileReference; lastKnownFileType = file.storyboard; name = Base; path = Base.lproj/LaunchScreen.storyboard; sourceTree = "<group>"; };
		1AFDF82D22A91D650084EF70 /* Info.plist */ = {isa = PBXFileReference; lastKnownFileType = text.plist.xml; path = Info.plist; sourceTree = "<group>"; };
/* End PBXFileReference section */

/* Begin PBXFrameworksBuildPhase section */
		1AFDF81B22A91D610084EF70 /* Frameworks */ = {
			isa = PBXFrameworksBuildPhase;
			buildActionMask = 2147483647;
			files = (
			);
			runOnlyForDeploymentPostprocessing = 0;
		};
/* End PBXFrameworksBuildPhase section */

/* Begin PBXGroup section */
		1AFDF81522A91D600084EF70 = {
			isa = PBXGroup;
			children = (
				1AFDF82022A91D610084EF70 /* Elite Shopping List */,
				1AFDF81F22A91D610084EF70 /* Products */,
			);
			sourceTree = "<group>";
		};
		1AFDF81F22A91D610084EF70 /* Products */ = {
			isa = PBXGroup;
			children = (
				1AFDF81E22A91D610084EF70 /* Elite Shopping List.app */,
			);
			name = Products;
			sourceTree = "<group>";
		};
		1AFDF82022A91D610084EF70 /* Elite Shopping List */ = {
			isa = PBXGroup;
			children = (
				1AFDF82122A91D610084EF70 /* AppDelegate.swift */,
				1AAE3FB822AAC05500604354 /* ItemCell.swift */,
				1AAE3FB622AABF6600604354 /* ListCell.swift */,
				1AAE3FB222AA5E7D00604354 /* ListContentsViewController.swift */,
				1AAE3FBA22AAD11900604354 /* MenuView.swift */,
				1AFDF82322A91D610084EF70 /* MyListsViewController.swift */,
				1AFDF82522A91D610084EF70 /* Main.storyboard */,
				1AFDF82822A91D650084EF70 /* Assets.xcassets */,
				1AFDF82A22A91D650084EF70 /* LaunchScreen.storyboard */,
				1AFDF82D22A91D650084EF70 /* Info.plist */,
			);
			path = "Elite Shopping List";
			sourceTree = "<group>";
		};
/* End PBXGroup section */

/* Begin PBXNativeTarget section */
		1AFDF81D22A91D610084EF70 /* Elite Shopping List */ = {
			isa = PBXNativeTarget;
			buildConfigurationList = 1AFDF83022A91D650084EF70 /* Build configuration list for PBXNativeTarget "Elite Shopping List" */;
			buildPhases = (
				1AFDF81A22A91D610084EF70 /* Sources */,
				1AFDF81B22A91D610084EF70 /* Frameworks */,
				1AFDF81C22A91D610084EF70 /* Resources */,
			);
			buildRules = (
			);
			dependencies = (
			);
			name = "Elite Shopping List";
			productName = "Elite Shopping List";
			productReference = 1AFDF81E22A91D610084EF70 /* Elite Shopping List.app */;
			productType = "com.apple.product-type.application";
		};
/* End PBXNativeTarget section */

/* Begin PBXProject section */
		1AFDF81622A91D610084EF70 /* Project object */ = {
			isa = PBXProject;
			attributes = {
				LastSwiftUpdateCheck = 1010;
				LastUpgradeCheck = 1010;
				ORGANIZATIONNAME = "Barney Corp.";
				TargetAttributes = {
					1AFDF81D22A91D610084EF70 = {
						CreatedOnToolsVersion = 10.1;
					};
				};
			};
			buildConfigurationList = 1AFDF81922A91D610084EF70 /* Build configuration list for PBXProject "Elite Shopping List" */;
			compatibilityVersion = "Xcode 9.3";
			developmentRegion = en;
			hasScannedForEncodings = 0;
			knownRegions = (
				en,
				Base,
			);
			mainGroup = 1AFDF81522A91D600084EF70;
			productRefGroup = 1AFDF81F22A91D610084EF70 /* Products */;
			projectDirPath = "";
			projectRoot = "";
			targets = (
				1AFDF81D22A91D610084EF70 /* Elite Shopping List */,
			);
		};
/* End PBXProject section */

/* Begin PBXResourcesBuildPhase section */
		1AFDF81C22A91D610084EF70 /* Resources */ = {
			isa = PBXResourcesBuildPhase;
			buildActionMask = 2147483647;
			files = (
				1AFDF82C22A91D650084EF70 /* LaunchScreen.storyboard in Resources */,
				1AFDF82922A91D650084EF70 /* Assets.xcassets in Resources */,
				1AFDF82722A91D610084EF70 /* Main.storyboard in Resources */,
			);
			runOnlyForDeploymentPostprocessing = 0;
		};
/* End PBXResourcesBuildPhase section */

/* Begin PBXSourcesBuildPhase section */
		1AFDF81A22A91D610084EF70 /* Sources */ = {
			isa = PBXSourcesBuildPhase;
			buildActionMask = 2147483647;
			files = (
				1AFDF82422A91D610084EF70 /* MyListsViewController.swift in Sources */,
				1AAE3FBB22AAD11900604354 /* MenuView.swift in Sources */,
				1AAE3FB322AA5E7D00604354 /* ListContentsViewController.swift in Sources */,
				1AAE3FB722AABF6600604354 /* ListCell.swift in Sources */,
				1AFDF82222A91D610084EF70 /* AppDelegate.swift in Sources */,
				1AAE3FB922AAC05500604354 /* ItemCell.swift in Sources */,
			);
			runOnlyForDeploymentPostprocessing = 0;
		};
/* End PBXSourcesBuildPhase section */

/* Begin PBXVariantGroup section */
		1AFDF82522A91D610084EF70 /* Main.storyboard */ = {
			isa = PBXVariantGroup;
			children = (
				1AFDF82622A91D610084EF70 /* Base */,
			);
			name = Main.storyboard;
			sourceTree = "<group>";
		};
		1AFDF82A22A91D650084EF70 /* LaunchScreen.storyboard */ = {
			isa = PBXVariantGroup;
			children = (
				1AFDF82B22A91D650084EF70 /* Base */,
			);
			name = LaunchScreen.storyboard;
			sourceTree = "<group>";
		};
/* End PBXVariantGroup section */

/* Begin XCBuildConfiguration section */
		1AFDF82E22A91D650084EF70 /* Debug */ = {
			isa = XCBuildConfiguration;
			buildSettings = {
				ALWAYS_SEARCH_USER_PATHS = NO;
				CLANG_ANALYZER_NONNULL = YES;
				CLANG_ANALYZER_NUMBER_OBJECT_CONVERSION = YES_AGGRESSIVE;
				CLANG_CXX_LANGUAGE_STANDARD = "gnu++14";
				CLANG_CXX_LIBRARY = "libc++";
				CLANG_ENABLE_MODULES = YES;
				CLANG_ENABLE_OBJC_ARC = YES;
				CLANG_ENABLE_OBJC_WEAK = YES;
				CLANG_WARN_BLOCK_CAPTURE_AUTORELEASING = YES;
				CLANG_WARN_BOOL_CONVERSION = YES;
				CLANG_WARN_COMMA = YES;
				CLANG_WARN_CONSTANT_CONVERSION = YES;
				CLANG_WARN_DEPRECATED_OBJC_IMPLEMENTATIONS = YES;
				CLANG_WARN_DIRECT_OBJC_ISA_USAGE = YES_ERROR;
				CLANG_WARN_DOCUMENTATION_COMMENTS = YES;
				CLANG_WARN_EMPTY_BODY = YES;
				CLANG_WARN_ENUM_CONVERSION = YES;
				CLANG_WARN_INFINITE_RECURSION = YES;
				CLANG_WARN_INT_CONVERSION = YES;
				CLANG_WARN_NON_LITERAL_NULL_CONVERSION = YES;
				CLANG_WARN_OBJC_IMPLICIT_RETAIN_SELF = YES;
				CLANG_WARN_OBJC_LITERAL_CONVERSION = YES;
				CLANG_WARN_OBJC_ROOT_CLASS = YES_ERROR;
				CLANG_WARN_RANGE_LOOP_ANALYSIS = YES;
				CLANG_WARN_STRICT_PROTOTYPES = YES;
				CLANG_WARN_SUSPICIOUS_MOVE = YES;
				CLANG_WARN_UNGUARDED_AVAILABILITY = YES_AGGRESSIVE;
				CLANG_WARN_UNREACHABLE_CODE = YES;
				CLANG_WARN__DUPLICATE_METHOD_MATCH = YES;
				CODE_SIGN_IDENTITY = "iPhone Developer";
				COPY_PHASE_STRIP = NO;
				DEBUG_INFORMATION_FORMAT = dwarf;
				ENABLE_STRICT_OBJC_MSGSEND = YES;
				ENABLE_TESTABILITY = YES;
				GCC_C_LANGUAGE_STANDARD = gnu11;
				GCC_DYNAMIC_NO_PIC = NO;
				GCC_NO_COMMON_BLOCKS = YES;
				GCC_OPTIMIZATION_LEVEL = 0;
				GCC_PREPROCESSOR_DEFINITIONS = (
					"DEBUG=1",
					"$(inherited)",
				);
				GCC_WARN_64_TO_32_BIT_CONVERSION = YES;
				GCC_WARN_ABOUT_RETURN_TYPE = YES_ERROR;
				GCC_WARN_UNDECLARED_SELECTOR = YES;
				GCC_WARN_UNINITIALIZED_AUTOS = YES_AGGRESSIVE;
				GCC_WARN_UNUSED_FUNCTION = YES;
				GCC_WARN_UNUSED_VARIABLE = YES;
				IPHONEOS_DEPLOYMENT_TARGET = 12.1;
				MTL_ENABLE_DEBUG_INFO = INCLUDE_SOURCE;
				MTL_FAST_MATH = YES;
				ONLY_ACTIVE_ARCH = YES;
				SDKROOT = iphoneos;
				SWIFT_ACTIVE_COMPILATION_CONDITIONS = DEBUG;
				SWIFT_OPTIMIZATION_LEVEL = "-Onone";
			};
			name = Debug;
		};
		1AFDF82F22A91D650084EF70 /* Release */ = {
			isa = XCBuildConfiguration;
			buildSettings = {
				ALWAYS_SEARCH_USER_PATHS = NO;
				CLANG_ANALYZER_NONNULL = YES;
				CLANG_ANALYZER_NUMBER_OBJECT_CONVERSION = YES_AGGRESSIVE;
				CLANG_CXX_LANGUAGE_STANDARD = "gnu++14";
				CLANG_CXX_LIBRARY = "libc++";
				CLANG_ENABLE_MODULES = YES;
				CLANG_ENABLE_OBJC_ARC = YES;
				CLANG_ENABLE_OBJC_WEAK = YES;
				CLANG_WARN_BLOCK_CAPTURE_AUTORELEASING = YES;
				CLANG_WARN_BOOL_CONVERSION = YES;
				CLANG_WARN_COMMA = YES;
				CLANG_WARN_CONSTANT_CONVERSION = YES;
				CLANG_WARN_DEPRECATED_OBJC_IMPLEMENTATIONS = YES;
				CLANG_WARN_DIRECT_OBJC_ISA_USAGE = YES_ERROR;
				CLANG_WARN_DOCUMENTATION_COMMENTS = YES;
				CLANG_WARN_EMPTY_BODY = YES;
				CLANG_WARN_ENUM_CONVERSION = YES;
				CLANG_WARN_INFINITE_RECURSION = YES;
				CLANG_WARN_INT_CONVERSION = YES;
				CLANG_WARN_NON_LITERAL_NULL_CONVERSION = YES;
				CLANG_WARN_OBJC_IMPLICIT_RETAIN_SELF = YES;
				CLANG_WARN_OBJC_LITERAL_CONVERSION = YES;
				CLANG_WARN_OBJC_ROOT_CLASS = YES_ERROR;
				CLANG_WARN_RANGE_LOOP_ANALYSIS = YES;
				CLANG_WARN_STRICT_PROTOTYPES = YES;
				CLANG_WARN_SUSPICIOUS_MOVE = YES;
				CLANG_WARN_UNGUARDED_AVAILABILITY = YES_AGGRESSIVE;
				CLANG_WARN_UNREACHABLE_CODE = YES;
				CLANG_WARN__DUPLICATE_METHOD_MATCH = YES;
				CODE_SIGN_IDENTITY = "iPhone Developer";
				COPY_PHASE_STRIP = NO;
				DEBUG_INFORMATION_FORMAT = "dwarf-with-dsym";
				ENABLE_NS_ASSERTIONS = NO;
				ENABLE_STRICT_OBJC_MSGSEND = YES;
				GCC_C_LANGUAGE_STANDARD = gnu11;
				GCC_NO_COMMON_BLOCKS = YES;
				GCC_WARN_64_TO_32_BIT_CONVERSION = YES;
				GCC_WARN_ABOUT_RETURN_TYPE = YES_ERROR;
				GCC_WARN_UNDECLARED_SELECTOR = YES;
				GCC_WARN_UNINITIALIZED_AUTOS = YES_AGGRESSIVE;
				GCC_WARN_UNUSED_FUNCTION = YES;
				GCC_WARN_UNUSED_VARIABLE = YES;
				IPHONEOS_DEPLOYMENT_TARGET = 12.1;
				MTL_ENABLE_DEBUG_INFO = NO;
				MTL_FAST_MATH = YES;
				SDKROOT = iphoneos;
				SWIFT_COMPILATION_MODE = wholemodule;
				SWIFT_OPTIMIZATION_LEVEL = "-O";
				VALIDATE_PRODUCT = YES;
			};
			name = Release;
		};
		1AFDF83122A91D650084EF70 /* Debug */ = {
			isa = XCBuildConfiguration;
			buildSettings = {
				ASSETCATALOG_COMPILER_APPICON_NAME = AppIcon;
				CODE_SIGN_STYLE = Automatic;
				DEVELOPMENT_TEAM = FD6JYYK4A9;
				INFOPLIST_FILE = "Elite Shopping List/Info.plist";
				LD_RUNPATH_SEARCH_PATHS = (
					"$(inherited)",
					"@executable_path/Frameworks",
				);
				PRODUCT_BUNDLE_IDENTIFIER = "barneycorp.Elite-Shopping-List";
				PRODUCT_NAME = "$(TARGET_NAME)";
				SWIFT_VERSION = 4.2;
				TARGETED_DEVICE_FAMILY = "1,2";
			};
			name = Debug;
		};
		1AFDF83222A91D650084EF70 /* Release */ = {
			isa = XCBuildConfiguration;
			buildSettings = {
				ASSETCATALOG_COMPILER_APPICON_NAME = AppIcon;
				CODE_SIGN_STYLE = Automatic;
				DEVELOPMENT_TEAM = FD6JYYK4A9;
				INFOPLIST_FILE = "Elite Shopping List/Info.plist";
				LD_RUNPATH_SEARCH_PATHS = (
					"$(inherited)",
					"@executable_path/Frameworks",
				);
				PRODUCT_BUNDLE_IDENTIFIER = "barneycorp.Elite-Shopping-List";
				PRODUCT_NAME = "$(TARGET_NAME)";
				SWIFT_VERSION = 4.2;
				TARGETED_DEVICE_FAMILY = "1,2";
			};
			name = Release;
		};
/* End XCBuildConfiguration section */

/* Begin XCConfigurationList section */
		1AFDF81922A91D610084EF70 /* Build configuration list for PBXProject "Elite Shopping List" */ = {
			isa = XCConfigurationList;
			buildConfigurations = (
				1AFDF82E22A91D650084EF70 /* Debug */,
				1AFDF82F22A91D650084EF70 /* Release */,
			);
			defaultConfigurationIsVisible = 0;
			defaultConfigurationName = Release;
		};
		1AFDF83022A91D650084EF70 /* Build configuration list for PBXNativeTarget "Elite Shopping List" */ = {
			isa = XCConfigurationList;
			buildConfigurations = (
				1AFDF83122A91D650084EF70 /* Debug */,
				1AFDF83222A91D650084EF70 /* Release */,
			);
			defaultConfigurationIsVisible = 0;
			defaultConfigurationName = Release;
		};
/* End XCConfigurationList section */
	};
	rootObject = 1AFDF81622A91D610084EF70 /* Project object */;
}
